
Microsoft Visual Studio Solution File, Format Version 12.00
# Visual Studio Version 16
VisualStudioVersion = 16.0.30907.101
MinimumVisualStudioVersion = 10.0.40219.1
Project("{FAE04EC0-301F-11D3-BF4B-00C04F79EFBC}") = "user01", "user01.csproj", "{DBFECF69-79D5-4F44-B3DE-17F08E86CAEF}"
EndProject
Global
	GlobalSection(SolutionConfigurationPlatforms) = preSolution
		Debug|Any CPU = Debug|Any CPU
		Release|Any CPU = Release|Any CPU
	EndGlobalSection
	GlobalSection(ProjectConfigurationPlatforms) = postSolution
		{DBFECF69-79D5-4F44-B3DE-17F08E86CAEF}.Debug|Any CPU.ActiveCfg = Debug|Any CPU
		{DBFECF69-79D5-4F44-B3DE-17F08E86CAEF}.Debug|Any CPU.Build.0 = Debug|Any CPU
		{DBFECF69-79D5-4F44-B3DE-17F08E86CAEF}.Release|Any CPU.ActiveCfg = Release|Any CPU
		{DBFECF69-79D5-4F44-B3DE-17F08E86CAEF}.Release|Any CPU.Build.0 = Release|Any CPU
	EndGlobalSection
	GlobalSection(SolutionProperties) = preSolution
		HideSolutionNode = FALSE
	EndGlobalSection
	GlobalSection(ExtensibilityGlobals) = postSolution
		SolutionGuid = {328556E0-3430-498D-AE3F-F862764FDF92}
	EndGlobalSection
EndGlobal
